{
  "version": 4,
  "terraform_version": "1.15.8",
  "serial": 67,
  "lineage": "32a6c67f-7450-14c2-02f1-89764fb33c6f",
  "outputs": {},
  "resources": [
    {
      "module": "module.vpc",
      "mode": "managed",
      "type": "aws_vpc",
      "name": "this",
      "provider": "provider[\"registry.terraform.io/hashicorp/aws\"]",
      "instances": [
        {
          "schema_version": 1,
          "attributes": {
            "arn": "arn:aws:ec2:ap-south-1:457724887427:vpc/vpc-049e498ac69fd976f",
            "assign_generated_ipv6_cidr_block": false,
            "cidr_block": "10.0.0.0/16",
            "default_network_acl_id": "acl-05b1cefe188f60227",
            "default_route_table_id": "rtb-0b1d8f5ec3d828523",
            "default_security_group_id": "sg-0cb499444941ac0ba",
            "dhcp_options_id": "dopt-082c89ca42cd52e39",
            "enable_dns_hostnames": true,
            "enable_dns_support": true,
            "enable_network_address_usage_metrics": false,
            "id": "vpc-049e498ac69fd976f",
            "instance_tenancy": "default",
            "ipv4_ipam_pool_id": null,
            "ipv4_netmask_length": null,
            "ipv6_association_id": "",
            "ipv6_cidr_block": "",
            "ipv6_cidr_block_network_border_group": "",
            "ipv6_ipam_pool_id": "",
            "ipv6_netmask_length": 0,
            "main_route_table_id": "rtb-0b1d8f5ec3d828523",
            "owner_id": "457724887427",
            "region": "ap-south-1",
            "tags": {
              "Environment": "dev",
              "ManagedBy": "Terraform",
              "Name": "lovable-vpc",
              "Owner": "Satyam",
              "Project": "lovable"
            },
            "tags_all": {
              "Environment": "dev",
              "ManagedBy": "Terraform",
              "Name": "lovable-vpc",
              "Owner": "Satyam",
              "Project": "lovable"
            }
          },
          "sensitive_attributes": [],
          "identity_schema_version": 0,
          "identity": {
            "account_id": "457724887427",
            "id": "vpc-049e498ac69fd976f",
            "region": "ap-south-1"
          },
          "private": "eyJzY2hlbWFfdmVyc2lvbiI6IjEifQ=="
        }
      ]
    }
  ],
  "check_results": null
}
