{
  "version": 4,
  "terraform_version": "1.15.8",
  "serial": 43,
  "lineage": "0f2f7041-eaa7-076a-3fd6-5cbcaa3385d0",
  "outputs": {},
  "resources": [
    {
      "mode": "data",
      "type": "aws_eks_cluster",
      "name": "this",
      "provider": "provider[\"registry.terraform.io/hashicorp/aws\"]",
      "instances": [
        {
          "schema_version": 0,
          "attributes": {
            "access_config": [
              {
                "authentication_mode": "API_AND_CONFIG_MAP",
                "bootstrap_cluster_creator_admin_permissions": true
              }
            ],
            "arn": "arn:aws:eks:ap-south-1:457724887427:cluster/lovable-cluster",
            "certificate_authority": [
              {
                "data": "LS0tLS1CRUdJTiBDRVJUSUZJQ0FURS0tLS0tCk1JSURCVENDQWUyZ0F3SUJBZ0lJTUkzZlBuQ2tOdkl3RFFZSktvWklodmNOQVFFTEJRQXdGVEVUTUJFR0ExVUUKQXhNS2EzVmlaWEp1WlhSbGN6QWVGdzB5TmpBM01qZ3hNakU1TWpCYUZ3MHpOakEzTWpVeE1qSTBNakJhTUJVeApFekFSQmdOVkJBTVRDbXQxWW1WeWJtVjBaWE13Z2dFaU1BMEdDU3FHU0liM0RRRUJBUVVBQTRJQkR3QXdnZ0VLCkFvSUJBUURPbkdNVWM5dENEVlpRNWFLOE5STWVPQ01FczZnSURWYVFZMXUvTlhVaFRaaWFWZFpxdEd6dmlyaTAKNDllbnY2YUpKNERTNmxyeERPZWRpcWEzcHpua3V1c282Vkx5Z0s0b2ZHLzFsZWFsU25WOTJkNE1FNVhkS1FCTAo0OVgzL2w0U0dDUi9wOEU1Z3EzU2FvcDFxdFN1TE1HbnNsQWtqOHljUUp0Ym81dzQ1ZThhMXloM3hnUjI2THpZCjV1amp0YzRjcXJ5L2w3SHkxNWRSSUpzK2VaNCtpSTNjVHordUJsRDJDdnVrVno4dGw4MGMyZ2JWSG1iOTVxUXAKV2tTd1ltaUtSeEpJbDZHOHlSYTZkN0NHM21Ja2xad2lLVUt4YzdKbjVnQ2tuU096bVdRb3ZCaEVLR2czSjN1UApaNnZaK0duR1d2Q0NTaE9mZ2ZwMzVqSXR0TU96QWdNQkFBR2pXVEJYTUE0R0ExVWREd0VCL3dRRUF3SUNwREFQCkJnTlZIUk1CQWY4RUJUQURBUUgvTUIwR0ExVWREZ1FXQkJSSGhvZ3N1U2ZIbHRReDUrNlh4bnE5YTFaZ1dqQVYKQmdOVkhSRUVEakFNZ2dwcmRXSmxjbTVsZEdWek1BMEdDU3FHU0liM0RRRUJDd1VBQTRJQkFRQit5K0h1TFVmRgpxSEdJRkNGVGJqRWowbVUvY0JsQ3lMVitrV1NSRyt6UnJtTXhQQjc4VGlBQ3g3cjAvRjZUa0QxSFJtY3loUWlhCldLZzZNN1lnRkN2YnJEbkpSV0xEQnlmV01ZaWpTSTRFeHBJakVrODdRK1RjcVIxTDB3dmJZdzdUZTBLWjJvbVIKWklyT3IyQzV6czhxSmQvamZVa3YzdkNpMjFYdVFuUmpsRjZGdFM3SmJxUDgxempkcHRLSVpKaGpKalJLOGg4QwpCWGpVUjRsSkZWZFg1Ukh2NFZQWmxhbVdkdDhnOGVQVTJaMlpOdTZGNVVJa2NOakRHVXBpQ0JCZ3hHU3RwNDFSCmRjOFBKaUlnNFAxWDFJS01vdlBzUWJTczF1YncyMGRiWXh3WW9XQnRIS2xrVmY0V09xeDVEWkk3eXhNNVVTUUwKWXJWYlpPQmh6Q3QvCi0tLS0tRU5EIENFUlRJRklDQVRFLS0tLS0K"
              }
            ],
            "cluster_id": null,
            "compute_config": [
              {
                "enabled": false,
                "node_pools": [],
                "node_role_arn": ""
              }
            ],
            "control_plane_scaling_config": [
              {
                "tier": "standard"
              }
            ],
            "created_at": "2026-07-28T12:20:20Z",
            "deletion_protection": false,
            "enabled_cluster_log_types": [],
            "endpoint": "https://CB225215D15482401149E72A1360EB0F.gr7.ap-south-1.eks.amazonaws.com",
            "id": "lovable-cluster",
            "identity": [
              {
                "oidc": [
                  {
                    "issuer": "https://oidc.eks.ap-south-1.amazonaws.com/id/CB225215D15482401149E72A1360EB0F"
                  }
                ]
              }
            ],
            "kubernetes_network_config": [
              {
                "elastic_load_balancing": [
                  {
                    "enabled": false
                  }
                ],
                "ip_family": "ipv4",
                "service_ipv4_cidr": "172.20.0.0/16",
                "service_ipv6_cidr": ""
              }
            ],
            "name": "lovable-cluster",
            "outpost_config": [],
            "platform_version": "eks.43",
            "region": "ap-south-1",
            "remote_network_config": [],
            "role_arn": "arn:aws:iam::457724887427:role/lovable-eks-cluster-role",
            "status": "ACTIVE",
            "storage_config": [
              {
                "block_storage": [
                  {
                    "enabled": false
                  }
                ]
              }
            ],
            "tags": {
              "Environment": "dev",
              "ManagedBy": "Terraform",
              "Owner": "Satyam",
              "Project": "lovable"
            },
            "upgrade_policy": [
              {
                "support_type": "EXTENDED"
              }
            ],
            "version": "1.33",
            "vpc_config": [
              {
                "cluster_security_group_id": "sg-02bb33e2cee96e4a9",
                "control_plane_egress_mode": "AWS_MANAGED",
                "endpoint_private_access": true,
                "endpoint_public_access": true,
                "public_access_cidrs": [
                  "0.0.0.0/0"
                ],
                "security_group_ids": [
                  "sg-0f0e8dccd652dac89"
                ],
                "subnet_ids": [
                  "subnet-04d8fd9202e31546e",
                  "subnet-072ca892818ac3b2d"
                ],
                "vpc_id": "vpc-049e498ac69fd976f"
              }
            ],
            "zonal_shift_config": []
          },
          "sensitive_attributes": [],
          "identity_schema_version": 0
        }
      ]
    },
    {
      "mode": "data",
      "type": "aws_eks_cluster_auth",
      "name": "this",
      "provider": "provider[\"registry.terraform.io/hashicorp/aws\"]",
      "instances": [
        {
          "schema_version": 0,
          "attributes": {
            "id": "lovable-cluster",
            "name": "lovable-cluster",
            "region": "ap-south-1",
            "token": "k8s-aws-v1.aHR0cHM6Ly9zdHMuYXAtc291dGgtMS5hbWF6b25hd3MuY29tLz9BY3Rpb249R2V0Q2FsbGVySWRlbnRpdHkmVmVyc2lvbj0yMDExLTA2LTE1JlgtQW16LUFsZ29yaXRobT1BV1M0LUhNQUMtU0hBMjU2JlgtQW16LUNyZWRlbnRpYWw9QUtJQVdWRVVIUUdCN0JORlVTRkYlMkYyMDI2MDcyOCUyRmFwLXNvdXRoLTElMkZzdHMlMkZhd3M0X3JlcXVlc3QmWC1BbXotRGF0ZT0yMDI2MDcyOFQxNzI4MDRaJlgtQW16LUV4cGlyZXM9MCZYLUFtei1TaWduZWRIZWFkZXJzPWhvc3QlM0J4LWs4cy1hd3MtaWQmWC1BbXotU2lnbmF0dXJlPWI3MDIwOTA3Nzc3ZjBlYWY5Y2YxYzcwNjAyZmFkODgxMTY4OWU2Mjg2OGViYmUyYjJhYjAyNDFlOTY3MGFiNDk"
          },
          "sensitive_attributes": [
            [
              {
                "type": "get_attr",
                "value": "token"
              }
            ]
          ],
          "identity_schema_version": 0
        }
      ]
    },
    {
      "mode": "data",
      "type": "terraform_remote_state",
      "name": "infra",
      "provider": "provider[\"terraform.io/builtin/terraform\"]",
      "instances": [
        {
          "schema_version": 0,
          "attributes": {
            "backend": "local",
            "config": {
              "value": {
                "path": "../stage-1-infra/terraform.tfstate"
              },
              "type": [
                "object",
                {
                  "path": "string"
                }
              ]
            },
            "defaults": null,
            "outputs": {
              "value": {
                "cluster_ca_certificate": "LS0tLS1CRUdJTiBDRVJUSUZJQ0FURS0tLS0tCk1JSURCVENDQWUyZ0F3SUJBZ0lJTUkzZlBuQ2tOdkl3RFFZSktvWklodmNOQVFFTEJRQXdGVEVUTUJFR0ExVUUKQXhNS2EzVmlaWEp1WlhSbGN6QWVGdzB5TmpBM01qZ3hNakU1TWpCYUZ3MHpOakEzTWpVeE1qSTBNakJhTUJVeApFekFSQmdOVkJBTVRDbXQxWW1WeWJtVjBaWE13Z2dFaU1BMEdDU3FHU0liM0RRRUJBUVVBQTRJQkR3QXdnZ0VLCkFvSUJBUURPbkdNVWM5dENEVlpRNWFLOE5STWVPQ01FczZnSURWYVFZMXUvTlhVaFRaaWFWZFpxdEd6dmlyaTAKNDllbnY2YUpKNERTNmxyeERPZWRpcWEzcHpua3V1c282Vkx5Z0s0b2ZHLzFsZWFsU25WOTJkNE1FNVhkS1FCTAo0OVgzL2w0U0dDUi9wOEU1Z3EzU2FvcDFxdFN1TE1HbnNsQWtqOHljUUp0Ym81dzQ1ZThhMXloM3hnUjI2THpZCjV1amp0YzRjcXJ5L2w3SHkxNWRSSUpzK2VaNCtpSTNjVHordUJsRDJDdnVrVno4dGw4MGMyZ2JWSG1iOTVxUXAKV2tTd1ltaUtSeEpJbDZHOHlSYTZkN0NHM21Ja2xad2lLVUt4YzdKbjVnQ2tuU096bVdRb3ZCaEVLR2czSjN1UApaNnZaK0duR1d2Q0NTaE9mZ2ZwMzVqSXR0TU96QWdNQkFBR2pXVEJYTUE0R0ExVWREd0VCL3dRRUF3SUNwREFQCkJnTlZIUk1CQWY4RUJUQURBUUgvTUIwR0ExVWREZ1FXQkJSSGhvZ3N1U2ZIbHRReDUrNlh4bnE5YTFaZ1dqQVYKQmdOVkhSRUVEakFNZ2dwcmRXSmxjbTVsZEdWek1BMEdDU3FHU0liM0RRRUJDd1VBQTRJQkFRQit5K0h1TFVmRgpxSEdJRkNGVGJqRWowbVUvY0JsQ3lMVitrV1NSRyt6UnJtTXhQQjc4VGlBQ3g3cjAvRjZUa0QxSFJtY3loUWlhCldLZzZNN1lnRkN2YnJEbkpSV0xEQnlmV01ZaWpTSTRFeHBJakVrODdRK1RjcVIxTDB3dmJZdzdUZTBLWjJvbVIKWklyT3IyQzV6czhxSmQvamZVa3YzdkNpMjFYdVFuUmpsRjZGdFM3SmJxUDgxempkcHRLSVpKaGpKalJLOGg4QwpCWGpVUjRsSkZWZFg1Ukh2NFZQWmxhbVdkdDhnOGVQVTJaMlpOdTZGNVVJa2NOakRHVXBpQ0JCZ3hHU3RwNDFSCmRjOFBKaUlnNFAxWDFJS01vdlBzUWJTczF1YncyMGRiWXh3WW9XQnRIS2xrVmY0V09xeDVEWkk3eXhNNVVTUUwKWXJWYlpPQmh6Q3QvCi0tLS0tRU5EIENFUlRJRklDQVRFLS0tLS0K",
                "cluster_endpoint": "https://CB225215D15482401149E72A1360EB0F.gr7.ap-south-1.eks.amazonaws.com",
                "cluster_name": "lovable-cluster",
                "oidc_issuer_url": "oidc.eks.ap-south-1.amazonaws.com/id/CB225215D15482401149E72A1360EB0F",
                "oidc_provider_arn": "arn:aws:iam::457724887427:oidc-provider/oidc.eks.ap-south-1.amazonaws.com/id/CB225215D15482401149E72A1360EB0F",
                "region": "ap-south-1",
                "vpc_id": "vpc-049e498ac69fd976f"
              },
              "type": [
                "object",
                {
                  "cluster_ca_certificate": "string",
                  "cluster_endpoint": "string",
                  "cluster_name": "string",
                  "oidc_issuer_url": "string",
                  "oidc_provider_arn": "string",
                  "region": "string",
                  "vpc_id": "string"
                }
              ]
            },
            "workspace": null
          },
          "sensitive_attributes": [],
          "identity_schema_version": 0
        }
      ]
    },
    {
      "module": "module.acm",
      "mode": "managed",
      "type": "aws_acm_certificate",
      "name": "this",
      "provider": "provider[\"registry.terraform.io/hashicorp/aws\"]",
      "instances": [
        {
          "schema_version": 0,
          "attributes": {
            "arn": "arn:aws:acm:ap-south-1:457724887427:certificate/b7a0b308-8de5-4639-80db-003020a180a4",
            "certificate_authority_arn": "",
            "certificate_body": null,
            "certificate_chain": null,
            "domain_name": "lovable.snapcart.dev",
            "domain_validation_options": [
              {
                "domain_name": "*.previews.snapcart.dev",
                "resource_record_name": "_4495a2e890ed6c2849a866a54a36e6ba.previews.snapcart.dev.",
                "resource_record_type": "CNAME",
                "resource_record_value": "_0de19e62059c03fe84a90db423436646.jkddzztszm.acm-validations.aws."
              },
              {
                "domain_name": "api.snapcart.dev",
                "resource_record_name": "_11c335f86b875fe4103cf55f97003318.api.snapcart.dev.",
                "resource_record_type": "CNAME",
                "resource_record_value": "_015b46c79ceede74b695c13ea4056d74.jkddzztszm.acm-validations.aws."
              },
              {
                "domain_name": "lovable.snapcart.dev",
                "resource_record_name": "_ebe41a8d375f759b7d5b3be16821617c.lovable.snapcart.dev.",
                "resource_record_type": "CNAME",
                "resource_record_value": "_438391fa1e472e973e7bf8ec527517e3.jkddzztszm.acm-validations.aws."
              }
            ],
            "early_renewal_duration": "",
            "id": "arn:aws:acm:ap-south-1:457724887427:certificate/b7a0b308-8de5-4639-80db-003020a180a4",
            "key_algorithm": "RSA_2048",
            "not_after": "2027-02-10T23:59:59Z",
            "not_before": "2026-07-28T00:00:00Z",
            "options": [
              {
                "certificate_transparency_logging_preference": "ENABLED",
                "export": "DISABLED"
              }
            ],
            "pending_renewal": false,
            "private_key": null,
            "private_key_wo": null,
            "private_key_wo_version": null,
            "region": "ap-south-1",
            "renewal_eligibility": "ELIGIBLE",
            "renewal_summary": [],
            "status": "ISSUED",
            "subject_alternative_names": [
              "*.previews.snapcart.dev",
              "api.snapcart.dev",
              "lovable.snapcart.dev"
            ],
            "tags": {},
            "tags_all": {},
            "type": "AMAZON_ISSUED",
            "validation_emails": [],
            "validation_method": "DNS",
            "validation_option": []
          },
          "sensitive_attributes": [
            [
              {
                "type": "get_attr",
                "value": "private_key"
              }
            ]
          ],
          "identity_schema_version": 0,
          "identity": {
            "arn": "arn:aws:acm:ap-south-1:457724887427:certificate/b7a0b308-8de5-4639-80db-003020a180a4"
          },
          "private": "bnVsbA==",
          "create_before_destroy": true
        }
      ]
    },
    {
      "module": "module.ingress",
      "mode": "managed",
      "type": "kubernetes_ingress_v1",
      "name": "this",
      "provider": "provider[\"registry.terraform.io/hashicorp/kubernetes\"]",
      "instances": [
        {
          "schema_version": 0,
          "attributes": {
            "id": "lovable-core/lovable-main-ingress",
            "metadata": [
              {
                "annotations": {
                  "alb.ingress.kubernetes.io/certificate-arn": "arn:aws:acm:ap-south-1:457724887427:certificate/b7a0b308-8de5-4639-80db-003020a180a4",
                  "alb.ingress.kubernetes.io/listen-ports": "[{\"HTTP\":80},{\"HTTPS\":443}]",
                  "alb.ingress.kubernetes.io/scheme": "internet-facing",
                  "alb.ingress.kubernetes.io/ssl-redirect": "443",
                  "alb.ingress.kubernetes.io/target-type": "ip",
                  "external-dns.alpha.kubernetes.io/hostname": "lovable.snapcart.dev,api.snapcart.dev",
                  "ingress_class_name": "alb"
                },
                "generate_name": "",
                "generation": 1,
                "labels": {},
                "name": "lovable-main-ingress",
                "namespace": "lovable-core",
                "resource_version": "5933",
                "uid": "059b7edc-e7d0-43cc-9a0b-217b8452666c"
              }
            ],
            "spec": [
              {
                "default_backend": [],
                "ingress_class_name": "alb",
                "rule": [
                  {
                    "host": "lovable.snapcart.dev",
                    "http": [
                      {
                        "path": [
                          {
                            "backend": [
                              {
                                "resource": [],
                                "service": [
                                  {
                                    "name": "lovable-frontend",
                                    "port": [
                                      {
                                        "name": "",
                                        "number": 80
                                      }
                                    ]
                                  }
                                ]
                              }
                            ],
                            "path": "/",
                            "path_type": "Prefix"
                          }
                        ]
                      }
                    ]
                  },
                  {
                    "host": "api.snapcart.dev",
                    "http": [
                      {
                        "path": [
                          {
                            "backend": [
                              {
                                "resource": [],
                                "service": [
                                  {
                                    "name": "api-gateway",
                                    "port": [
                                      {
                                        "name": "",
                                        "number": 80
                                      }
                                    ]
                                  }
                                ]
                              }
                            ],
                            "path": "/",
                            "path_type": "Prefix"
                          }
                        ]
                      }
                    ]
                  },
                  {
                    "host": "*.previews.snapcart.dev",
                    "http": [
                      {
                        "path": [
                          {
                            "backend": [
                              {
                                "resource": [],
                                "service": [
                                  {
                                    "name": "lovable-me-proxy",
                                    "port": [
                                      {
                                        "name": "",
                                        "number": 80
                                      }
                                    ]
                                  }
                                ]
                              }
                            ],
                            "path": "/",
                            "path_type": "Prefix"
                          }
                        ]
                      }
                    ]
                  }
                ],
                "tls": []
              }
            ],
            "status": [
              {
                "load_balancer": [
                  {
                    "ingress": [
                      {
                        "hostname": "k8s-lovablec-lovablem-7b3b8e8dd6-1484710438.ap-south-1.elb.amazonaws.com",
                        "ip": ""
                      }
                    ]
                  }
                ]
              }
            ],
            "timeouts": null,
            "wait_for_load_balancer": null
          },
          "sensitive_attributes": [],
          "identity_schema_version": 1,
          "identity": {
            "api_version": "networking.k8s.io/v1",
            "kind": "Ingress",
            "name": "lovable-main-ingress",
            "namespace": "lovable-core"
          },
          "private": "eyJlMmJmYjczMC1lY2FhLTExZTYtOGY4OC0zNDM2M2JjN2M0YzAiOnsiY3JlYXRlIjoxMjAwMDAwMDAwMDAwLCJkZWxldGUiOjEyMDAwMDAwMDAwMDB9fQ==",
          "dependencies": [
            "data.aws_eks_cluster.this",
            "data.aws_eks_cluster_auth.this",
            "data.terraform_remote_state.infra",
            "module.acm.aws_acm_certificate.this",
            "module.namespaces.kubernetes_namespace.lovable_core",
            "module.namespaces.kubernetes_namespace.lovable_previews"
          ]
        }
      ]
    },
    {
      "module": "module.namespaces",
      "mode": "managed",
      "type": "kubernetes_namespace",
      "name": "lovable_core",
      "provider": "provider[\"registry.terraform.io/hashicorp/kubernetes\"]",
      "instances": [
        {
          "schema_version": 0,
          "attributes": {
            "id": "lovable-core",
            "metadata": [
              {
                "annotations": {},
                "generate_name": "",
                "generation": 0,
                "labels": {},
                "name": "lovable-core",
                "resource_version": "4611",
                "uid": "0ac3d912-3194-4b36-a1fc-491929f44c99"
              }
            ],
            "timeouts": null,
            "wait_for_default_service_account": false
          },
          "sensitive_attributes": [],
          "identity_schema_version": 1,
          "identity": {
            "api_version": "v1",
            "kind": "Namespace",
            "name": "lovable-core"
          },
          "private": "eyJlMmJmYjczMC1lY2FhLTExZTYtOGY4OC0zNDM2M2JjN2M0YzAiOnsiZGVsZXRlIjozMDAwMDAwMDAwMDB9fQ==",
          "dependencies": [
            "data.aws_eks_cluster.this",
            "data.aws_eks_cluster_auth.this",
            "data.terraform_remote_state.infra"
          ]
        }
      ]
    },
    {
      "module": "module.namespaces",
      "mode": "managed",
      "type": "kubernetes_namespace",
      "name": "lovable_previews",
      "provider": "provider[\"registry.terraform.io/hashicorp/kubernetes\"]",
      "instances": [
        {
          "schema_version": 0,
          "attributes": {
            "id": "lovable-previews",
            "metadata": [
              {
                "annotations": {},
                "generate_name": "",
                "generation": 0,
                "labels": {},
                "name": "lovable-previews",
                "resource_version": "4610",
                "uid": "09f57aec-8e00-490c-bb86-c9144dc1de9c"
              }
            ],
            "timeouts": null,
            "wait_for_default_service_account": false
          },
          "sensitive_attributes": [],
          "identity_schema_version": 1,
          "identity": {
            "api_version": "v1",
            "kind": "Namespace",
            "name": "lovable-previews"
          },
          "private": "eyJlMmJmYjczMC1lY2FhLTExZTYtOGY4OC0zNDM2M2JjN2M0YzAiOnsiZGVsZXRlIjozMDAwMDAwMDAwMDB9fQ==",
          "dependencies": [
            "data.aws_eks_cluster.this",
            "data.aws_eks_cluster_auth.this",
            "data.terraform_remote_state.infra"
          ]
        }
      ]
    }
  ],
  "check_results": null
}
