{
  "version": 4,
  "terraform_version": "1.15.8",
  "serial": 113,
  "lineage": "72443772-bfdc-6f32-20b5-af37c6d2996e",
  "outputs": {},
  "resources": [
    {
      "mode": "data",
      "type": "aws_eks_cluster",
      "name": "this",
      "provider": "provider[\"registry.terraform.io/hashicorp/aws\"]",
      "instances": [
        {
          "schema_version": 0,
          "attributes": {
            "access_config": [
              {
                "authentication_mode": "API_AND_CONFIG_MAP",
                "bootstrap_cluster_creator_admin_permissions": true
              }
            ],
            "arn": "arn:aws:eks:ap-south-1:457724887427:cluster/lovable-cluster",
            "certificate_authority": [
              {
                "data": "LS0tLS1CRUdJTiBDRVJUSUZJQ0FURS0tLS0tCk1JSURCVENDQWUyZ0F3SUJBZ0lJTUkzZlBuQ2tOdkl3RFFZSktvWklodmNOQVFFTEJRQXdGVEVUTUJFR0ExVUUKQXhNS2EzVmlaWEp1WlhSbGN6QWVGdzB5TmpBM01qZ3hNakU1TWpCYUZ3MHpOakEzTWpVeE1qSTBNakJhTUJVeApFekFSQmdOVkJBTVRDbXQxWW1WeWJtVjBaWE13Z2dFaU1BMEdDU3FHU0liM0RRRUJBUVVBQTRJQkR3QXdnZ0VLCkFvSUJBUURPbkdNVWM5dENEVlpRNWFLOE5STWVPQ01FczZnSURWYVFZMXUvTlhVaFRaaWFWZFpxdEd6dmlyaTAKNDllbnY2YUpKNERTNmxyeERPZWRpcWEzcHpua3V1c282Vkx5Z0s0b2ZHLzFsZWFsU25WOTJkNE1FNVhkS1FCTAo0OVgzL2w0U0dDUi9wOEU1Z3EzU2FvcDFxdFN1TE1HbnNsQWtqOHljUUp0Ym81dzQ1ZThhMXloM3hnUjI2THpZCjV1amp0YzRjcXJ5L2w3SHkxNWRSSUpzK2VaNCtpSTNjVHordUJsRDJDdnVrVno4dGw4MGMyZ2JWSG1iOTVxUXAKV2tTd1ltaUtSeEpJbDZHOHlSYTZkN0NHM21Ja2xad2lLVUt4YzdKbjVnQ2tuU096bVdRb3ZCaEVLR2czSjN1UApaNnZaK0duR1d2Q0NTaE9mZ2ZwMzVqSXR0TU96QWdNQkFBR2pXVEJYTUE0R0ExVWREd0VCL3dRRUF3SUNwREFQCkJnTlZIUk1CQWY4RUJUQURBUUgvTUIwR0ExVWREZ1FXQkJSSGhvZ3N1U2ZIbHRReDUrNlh4bnE5YTFaZ1dqQVYKQmdOVkhSRUVEakFNZ2dwcmRXSmxjbTVsZEdWek1BMEdDU3FHU0liM0RRRUJDd1VBQTRJQkFRQit5K0h1TFVmRgpxSEdJRkNGVGJqRWowbVUvY0JsQ3lMVitrV1NSRyt6UnJtTXhQQjc4VGlBQ3g3cjAvRjZUa0QxSFJtY3loUWlhCldLZzZNN1lnRkN2YnJEbkpSV0xEQnlmV01ZaWpTSTRFeHBJakVrODdRK1RjcVIxTDB3dmJZdzdUZTBLWjJvbVIKWklyT3IyQzV6czhxSmQvamZVa3YzdkNpMjFYdVFuUmpsRjZGdFM3SmJxUDgxempkcHRLSVpKaGpKalJLOGg4QwpCWGpVUjRsSkZWZFg1Ukh2NFZQWmxhbVdkdDhnOGVQVTJaMlpOdTZGNVVJa2NOakRHVXBpQ0JCZ3hHU3RwNDFSCmRjOFBKaUlnNFAxWDFJS01vdlBzUWJTczF1YncyMGRiWXh3WW9XQnRIS2xrVmY0V09xeDVEWkk3eXhNNVVTUUwKWXJWYlpPQmh6Q3QvCi0tLS0tRU5EIENFUlRJRklDQVRFLS0tLS0K"
              }
            ],
            "cluster_id": null,
            "compute_config": [
              {
                "enabled": false,
                "node_pools": [],
                "node_role_arn": ""
              }
            ],
            "control_plane_scaling_config": [
              {
                "tier": "standard"
              }
            ],
            "created_at": "2026-07-28T12:20:20Z",
            "deletion_protection": false,
            "enabled_cluster_log_types": [],
            "endpoint": "https://CB225215D15482401149E72A1360EB0F.gr7.ap-south-1.eks.amazonaws.com",
            "id": "lovable-cluster",
            "identity": [
              {
                "oidc": [
                  {
                    "issuer": "https://oidc.eks.ap-south-1.amazonaws.com/id/CB225215D15482401149E72A1360EB0F"
                  }
                ]
              }
            ],
            "kubernetes_network_config": [
              {
                "elastic_load_balancing": [
                  {
                    "enabled": false
                  }
                ],
                "ip_family": "ipv4",
                "service_ipv4_cidr": "172.20.0.0/16",
                "service_ipv6_cidr": ""
              }
            ],
            "name": "lovable-cluster",
            "outpost_config": [],
            "platform_version": "eks.43",
            "region": "ap-south-1",
            "remote_network_config": [],
            "role_arn": "arn:aws:iam::457724887427:role/lovable-eks-cluster-role",
            "status": "ACTIVE",
            "storage_config": [
              {
                "block_storage": [
                  {
                    "enabled": false
                  }
                ]
              }
            ],
            "tags": {
              "Environment": "dev",
              "ManagedBy": "Terraform",
              "Owner": "Satyam",
              "Project": "lovable"
            },
            "upgrade_policy": [
              {
                "support_type": "EXTENDED"
              }
            ],
            "version": "1.33",
            "vpc_config": [
              {
                "cluster_security_group_id": "sg-02bb33e2cee96e4a9",
                "control_plane_egress_mode": "AWS_MANAGED",
                "endpoint_private_access": true,
                "endpoint_public_access": true,
                "public_access_cidrs": [
                  "0.0.0.0/0"
                ],
                "security_group_ids": [
                  "sg-0f0e8dccd652dac89"
                ],
                "subnet_ids": [
                  "subnet-04d8fd9202e31546e",
                  "subnet-072ca892818ac3b2d"
                ],
                "vpc_id": "vpc-049e498ac69fd976f"
              }
            ],
            "zonal_shift_config": []
          },
          "sensitive_attributes": [],
          "identity_schema_version": 0
        }
      ]
    },
    {
      "mode": "data",
      "type": "aws_eks_cluster_auth",
      "name": "this",
      "provider": "provider[\"registry.terraform.io/hashicorp/aws\"]",
      "instances": [
        {
          "schema_version": 0,
          "attributes": {
            "id": "lovable-cluster",
            "name": "lovable-cluster",
            "region": "ap-south-1",
            "token": "k8s-aws-v1.aHR0cHM6Ly9zdHMuYXAtc291dGgtMS5hbWF6b25hd3MuY29tLz9BY3Rpb249R2V0Q2FsbGVySWRlbnRpdHkmVmVyc2lvbj0yMDExLTA2LTE1JlgtQW16LUFsZ29yaXRobT1BV1M0LUhNQUMtU0hBMjU2JlgtQW16LUNyZWRlbnRpYWw9QUtJQVdWRVVIUUdCN0JORlVTRkYlMkYyMDI2MDcyOCUyRmFwLXNvdXRoLTElMkZzdHMlMkZhd3M0X3JlcXVlc3QmWC1BbXotRGF0ZT0yMDI2MDcyOFQxNTMxMzRaJlgtQW16LUV4cGlyZXM9MCZYLUFtei1TaWduZWRIZWFkZXJzPWhvc3QlM0J4LWs4cy1hd3MtaWQmWC1BbXotU2lnbmF0dXJlPTVjMWE1MjgyODllMzJlNzllYTZmMTVkMDA4YWY5NDU4YjdkNDVmOTdjYjZiMGI3ZmNmMmUxZTdlMmYwOTQzZGQ"
          },
          "sensitive_attributes": [
            [
              {
                "type": "get_attr",
                "value": "token"
              }
            ]
          ],
          "identity_schema_version": 0
        }
      ]
    },
    {
      "mode": "data",
      "type": "terraform_remote_state",
      "name": "addons",
      "provider": "provider[\"terraform.io/builtin/terraform\"]",
      "instances": [
        {
          "schema_version": 0,
          "attributes": {
            "backend": "local",
            "config": {
              "value": {
                "path": "../stage-2-addons/terraform.tfstate"
              },
              "type": [
                "object",
                {
                  "path": "string"
                }
              ]
            },
            "defaults": null,
            "outputs": {
              "value": {
                "certificate_arn": "arn:aws:acm:ap-south-1:457724887427:certificate/b7a0b308-8de5-4639-80db-003020a180a4"
              },
              "type": [
                "object",
                {
                  "certificate_arn": "string"
                }
              ]
            },
            "workspace": null
          },
          "sensitive_attributes": [],
          "identity_schema_version": 0
        }
      ]
    },
    {
      "mode": "data",
      "type": "terraform_remote_state",
      "name": "infra",
      "provider": "provider[\"terraform.io/builtin/terraform\"]",
      "instances": [
        {
          "schema_version": 0,
          "attributes": {
            "backend": "local",
            "config": {
              "value": {
                "path": "../stage-1-infra/terraform.tfstate"
              },
              "type": [
                "object",
                {
                  "path": "string"
                }
              ]
            },
            "defaults": null,
            "outputs": {
              "value": {
                "cluster_ca_certificate": "LS0tLS1CRUdJTiBDRVJUSUZJQ0FURS0tLS0tCk1JSURCVENDQWUyZ0F3SUJBZ0lJTUkzZlBuQ2tOdkl3RFFZSktvWklodmNOQVFFTEJRQXdGVEVUTUJFR0ExVUUKQXhNS2EzVmlaWEp1WlhSbGN6QWVGdzB5TmpBM01qZ3hNakU1TWpCYUZ3MHpOakEzTWpVeE1qSTBNakJhTUJVeApFekFSQmdOVkJBTVRDbXQxWW1WeWJtVjBaWE13Z2dFaU1BMEdDU3FHU0liM0RRRUJBUVVBQTRJQkR3QXdnZ0VLCkFvSUJBUURPbkdNVWM5dENEVlpRNWFLOE5STWVPQ01FczZnSURWYVFZMXUvTlhVaFRaaWFWZFpxdEd6dmlyaTAKNDllbnY2YUpKNERTNmxyeERPZWRpcWEzcHpua3V1c282Vkx5Z0s0b2ZHLzFsZWFsU25WOTJkNE1FNVhkS1FCTAo0OVgzL2w0U0dDUi9wOEU1Z3EzU2FvcDFxdFN1TE1HbnNsQWtqOHljUUp0Ym81dzQ1ZThhMXloM3hnUjI2THpZCjV1amp0YzRjcXJ5L2w3SHkxNWRSSUpzK2VaNCtpSTNjVHordUJsRDJDdnVrVno4dGw4MGMyZ2JWSG1iOTVxUXAKV2tTd1ltaUtSeEpJbDZHOHlSYTZkN0NHM21Ja2xad2lLVUt4YzdKbjVnQ2tuU096bVdRb3ZCaEVLR2czSjN1UApaNnZaK0duR1d2Q0NTaE9mZ2ZwMzVqSXR0TU96QWdNQkFBR2pXVEJYTUE0R0ExVWREd0VCL3dRRUF3SUNwREFQCkJnTlZIUk1CQWY4RUJUQURBUUgvTUIwR0ExVWREZ1FXQkJSSGhvZ3N1U2ZIbHRReDUrNlh4bnE5YTFaZ1dqQVYKQmdOVkhSRUVEakFNZ2dwcmRXSmxjbTVsZEdWek1BMEdDU3FHU0liM0RRRUJDd1VBQTRJQkFRQit5K0h1TFVmRgpxSEdJRkNGVGJqRWowbVUvY0JsQ3lMVitrV1NSRyt6UnJtTXhQQjc4VGlBQ3g3cjAvRjZUa0QxSFJtY3loUWlhCldLZzZNN1lnRkN2YnJEbkpSV0xEQnlmV01ZaWpTSTRFeHBJakVrODdRK1RjcVIxTDB3dmJZdzdUZTBLWjJvbVIKWklyT3IyQzV6czhxSmQvamZVa3YzdkNpMjFYdVFuUmpsRjZGdFM3SmJxUDgxempkcHRLSVpKaGpKalJLOGg4QwpCWGpVUjRsSkZWZFg1Ukh2NFZQWmxhbVdkdDhnOGVQVTJaMlpOdTZGNVVJa2NOakRHVXBpQ0JCZ3hHU3RwNDFSCmRjOFBKaUlnNFAxWDFJS01vdlBzUWJTczF1YncyMGRiWXh3WW9XQnRIS2xrVmY0V09xeDVEWkk3eXhNNVVTUUwKWXJWYlpPQmh6Q3QvCi0tLS0tRU5EIENFUlRJRklDQVRFLS0tLS0K",
                "cluster_endpoint": "https://CB225215D15482401149E72A1360EB0F.gr7.ap-south-1.eks.amazonaws.com",
                "cluster_name": "lovable-cluster",
                "oidc_issuer_url": "oidc.eks.ap-south-1.amazonaws.com/id/CB225215D15482401149E72A1360EB0F",
                "oidc_provider_arn": "arn:aws:iam::457724887427:oidc-provider/oidc.eks.ap-south-1.amazonaws.com/id/CB225215D15482401149E72A1360EB0F",
                "region": "ap-south-1",
                "vpc_id": "vpc-049e498ac69fd976f"
              },
              "type": [
                "object",
                {
                  "cluster_ca_certificate": "string",
                  "cluster_endpoint": "string",
                  "cluster_name": "string",
                  "oidc_issuer_url": "string",
                  "oidc_provider_arn": "string",
                  "region": "string",
                  "vpc_id": "string"
                }
              ]
            },
            "workspace": null
          },
          "sensitive_attributes": [],
          "identity_schema_version": 0
        }
      ]
    },
    {
      "module": "module.argocd",
      "mode": "managed",
      "type": "helm_release",
      "name": "this",
      "provider": "provider[\"registry.terraform.io/hashicorp/helm\"]",
      "instances": [
        {
          "schema_version": 2,
          "attributes": {
            "atomic": false,
            "chart": "argo-cd",
            "cleanup_on_fail": false,
            "create_namespace": false,
            "dependency_update": false,
            "description": null,
            "devel": null,
            "disable_crd_hooks": false,
            "disable_openapi_validation": false,
            "disable_webhooks": false,
            "force_update": false,
            "id": "argocd",
            "keyring": null,
            "lint": false,
            "manifest": null,
            "max_history": 0,
            "metadata": {
              "app_version": "v3.0.12",
              "chart": "argo-cd",
              "first_deployed": 1785242492,
              "last_deployed": 1785242492,
              "name": "argocd",
              "namespace": "argocd",
              "notes": "\nIn order to access the server UI you have the following options:\n\n1. kubectl port-forward service/argocd-server -n argocd 8080:443\n\n    and then open the browser on http://localhost:8080 and accept the certificate\n\n2. enable ingress in the values file `server.ingress.enabled` and either\n      - Add the annotation for ssl passthrough: https://argo-cd.readthedocs.io/en/stable/operator-manual/ingress/#option-1-ssl-passthrough\n      - Set the `configs.params.\"server.insecure\"` in the values file and terminate SSL at your ingress: https://argo-cd.readthedocs.io/en/stable/operator-manual/ingress/#option-2-multiple-ingress-objects-and-hosts\n\n\nAfter reaching the UI the first time you can login with username: admin and the random password generated during the installation. You can find the password by running:\n\nkubectl -n argocd get secret argocd-initial-admin-secret -o jsonpath=\"{.data.password}\" | base64 -d\n\n(You should delete the initial secret afterwards as suggested by the Getting Started Guide: https://argo-cd.readthedocs.io/en/stable/getting_started/#4-login-using-the-cli)\n",
              "revision": 1,
              "values": "{\"configs\":{\"params\":{\"server.insecure\":true}}}",
              "version": "8.2.2"
            },
            "name": "argocd",
            "namespace": "argocd",
            "pass_credentials": false,
            "postrender": null,
            "recreate_pods": false,
            "render_subchart_notes": true,
            "replace": false,
            "repository": "https://argoproj.github.io/argo-helm",
            "repository_ca_file": null,
            "repository_cert_file": null,
            "repository_key_file": null,
            "repository_password": null,
            "repository_username": null,
            "reset_values": false,
            "resources": null,
            "reuse_values": false,
            "set": [
              {
                "name": "configs.params.server\\.insecure",
                "type": "",
                "value": "true"
              }
            ],
            "set_list": null,
            "set_sensitive": null,
            "set_wo": null,
            "set_wo_revision": null,
            "skip_crds": false,
            "status": "deployed",
            "take_ownership": false,
            "timeout": 300,
            "timeouts": null,
            "upgrade_install": false,
            "values": null,
            "verify": false,
            "version": "8.2.2",
            "wait": true,
            "wait_for_jobs": false
          },
          "sensitive_attributes": [
            [
              {
                "type": "get_attr",
                "value": "repository_password"
              }
            ]
          ],
          "identity_schema_version": 0,
          "identity": {
            "namespace": "argocd",
            "release_name": "argocd"
          },
          "dependencies": [
            "data.aws_eks_cluster.this",
            "data.aws_eks_cluster_auth.this",
            "data.terraform_remote_state.infra",
            "module.argocd.kubernetes_namespace.this"
          ]
        }
      ]
    },
    {
      "module": "module.argocd",
      "mode": "managed",
      "type": "kubernetes_ingress_v1",
      "name": "this",
      "provider": "provider[\"registry.terraform.io/hashicorp/kubernetes\"]",
      "instances": [
        {
          "schema_version": 0,
          "attributes": {
            "id": "argocd/argocd",
            "metadata": [
              {
                "annotations": {
                  "alb.ingress.kubernetes.io/certificate-arn": "arn:aws:acm:ap-south-1:457724887427:certificate/920f6384-f49a-40ae-9b9d-afc2b3b84a64",
                  "alb.ingress.kubernetes.io/listen-ports": "[{\"HTTP\":80},{\"HTTPS\":443}]",
                  "alb.ingress.kubernetes.io/scheme": "internet-facing",
                  "alb.ingress.kubernetes.io/ssl-redirect": "443",
                  "alb.ingress.kubernetes.io/target-type": "ip",
                  "external-dns.alpha.kubernetes.io/hostname": "argocd.snapcart.dev",
                  "kubernetes.io/ingress.class": "alb"
                },
                "generate_name": "",
                "generation": 1,
                "labels": {},
                "name": "argocd",
                "namespace": "argocd",
                "resource_version": "10078",
                "uid": "981b102a-9320-408e-b77f-4d9bacee2d3e"
              }
            ],
            "spec": [
              {
                "default_backend": [],
                "ingress_class_name": "alb",
                "rule": [
                  {
                    "host": "argocd.snapcart.dev",
                    "http": [
                      {
                        "path": [
                          {
                            "backend": [
                              {
                                "resource": [],
                                "service": [
                                  {
                                    "name": "argocd-server",
                                    "port": [
                                      {
                                        "name": "",
                                        "number": 80
                                      }
                                    ]
                                  }
                                ]
                              }
                            ],
                            "path": "/",
                            "path_type": "Prefix"
                          }
                        ]
                      }
                    ]
                  }
                ],
                "tls": []
              }
            ],
            "status": [
              {
                "load_balancer": [
                  {
                    "ingress": [
                      {
                        "hostname": "k8s-argocd-argocd-119f2211df-776169312.ap-south-1.elb.amazonaws.com",
                        "ip": ""
                      }
                    ]
                  }
                ]
              }
            ],
            "timeouts": null,
            "wait_for_load_balancer": null
          },
          "sensitive_attributes": [],
          "identity_schema_version": 1,
          "identity": {
            "api_version": "networking.k8s.io/v1",
            "kind": "Ingress",
            "name": "argocd",
            "namespace": "argocd"
          },
          "private": "eyJlMmJmYjczMC1lY2FhLTExZTYtOGY4OC0zNDM2M2JjN2M0YzAiOnsiY3JlYXRlIjoxMjAwMDAwMDAwMDAwLCJkZWxldGUiOjEyMDAwMDAwMDAwMDB9fQ==",
          "dependencies": [
            "data.aws_eks_cluster.this",
            "data.aws_eks_cluster_auth.this",
            "data.terraform_remote_state.infra",
            "module.argocd.helm_release.this",
            "module.argocd.kubernetes_namespace.this",
            "module.platform_acm.aws_acm_certificate.this"
          ]
        }
      ]
    },
    {
      "module": "module.argocd",
      "mode": "managed",
      "type": "kubernetes_namespace",
      "name": "this",
      "provider": "provider[\"registry.terraform.io/hashicorp/kubernetes\"]",
      "instances": [
        {
          "schema_version": 0,
          "attributes": {
            "id": "argocd",
            "metadata": [
              {
                "annotations": {},
                "generate_name": "",
                "generation": 0,
                "labels": {},
                "name": "argocd",
                "resource_version": "8451",
                "uid": "7992721f-f88f-4180-a8bc-cd3fccf97104"
              }
            ],
            "timeouts": null,
            "wait_for_default_service_account": false
          },
          "sensitive_attributes": [],
          "identity_schema_version": 1,
          "identity": {
            "api_version": "v1",
            "kind": "Namespace",
            "name": "argocd"
          },
          "private": "eyJlMmJmYjczMC1lY2FhLTExZTYtOGY4OC0zNDM2M2JjN2M0YzAiOnsiZGVsZXRlIjozMDAwMDAwMDAwMDB9fQ==",
          "dependencies": [
            "data.aws_eks_cluster.this",
            "data.aws_eks_cluster_auth.this",
            "data.terraform_remote_state.infra"
          ]
        }
      ]
    },
    {
      "module": "module.jenkins",
      "mode": "managed",
      "type": "helm_release",
      "name": "this",
      "provider": "provider[\"registry.terraform.io/hashicorp/helm\"]",
      "instances": [
        {
          "schema_version": 2,
          "attributes": {
            "atomic": false,
            "chart": "jenkins",
            "cleanup_on_fail": false,
            "create_namespace": false,
            "dependency_update": false,
            "description": null,
            "devel": null,
            "disable_crd_hooks": false,
            "disable_openapi_validation": false,
            "disable_webhooks": false,
            "force_update": false,
            "id": "jenkins",
            "keyring": null,
            "lint": false,
            "manifest": null,
            "max_history": 0,
            "metadata": {
              "app_version": "2.568.1",
              "chart": "jenkins",
              "first_deployed": 1785252724,
              "last_deployed": 1785252724,
              "name": "jenkins",
              "namespace": "jenkins",
              "notes": "1. Get your 'admin' user password by running:\n  kubectl exec --namespace jenkins -it svc/jenkins -c jenkins -- /bin/cat /run/secrets/additional/chart-admin-password \u0026\u0026 echo\n2. Get the Jenkins URL to visit by running these commands in the same shell:\n  echo http://127.0.0.1:8080\n  kubectl --namespace jenkins port-forward svc/jenkins 8080:8080\n\n3. Login with the password from step 1 and the username: admin\n4. Configure security realm and authorization strategy\n5. Use Jenkins Configuration as Code by specifying configScripts in your values.yaml file, see documentation: http://127.0.0.1:8080/configuration-as-code and examples: https://github.com/jenkinsci/configuration-as-code-plugin/tree/master/demos\n\nFor more information on running Jenkins on Kubernetes, visit:\nhttps://cloud.google.com/solutions/jenkins-on-container-engine\n\nFor more information about Jenkins Configuration as Code, visit:\nhttps://jenkins.io/projects/jcasc/\n\n\nNOTE: Consider using a custom image with pre-installed plugins\n",
              "revision": 1,
              "values": "{\"controller\":{\"admin\":{\"password\":\"YourStrongPassword@123\",\"username\":\"admin\"},\"serviceType\":\"ClusterIP\"},\"persistence\":{\"enabled\":true,\"size\":\"20Gi\",\"storageClass\":\"gp2\"}}",
              "version": "5.9.45"
            },
            "name": "jenkins",
            "namespace": "jenkins",
            "pass_credentials": false,
            "postrender": null,
            "recreate_pods": false,
            "render_subchart_notes": true,
            "replace": false,
            "repository": "https://charts.jenkins.io",
            "repository_ca_file": null,
            "repository_cert_file": null,
            "repository_key_file": null,
            "repository_password": null,
            "repository_username": null,
            "reset_values": false,
            "resources": null,
            "reuse_values": false,
            "set": [
              {
                "name": "controller.serviceType",
                "type": "",
                "value": "ClusterIP"
              },
              {
                "name": "persistence.enabled",
                "type": "",
                "value": "true"
              },
              {
                "name": "persistence.storageClass",
                "type": "",
                "value": "gp2"
              },
              {
                "name": "persistence.size",
                "type": "",
                "value": "20Gi"
              },
              {
                "name": "controller.admin.username",
                "type": "",
                "value": "admin"
              },
              {
                "name": "controller.admin.password",
                "type": "",
                "value": "YourStrongPassword@123"
              }
            ],
            "set_list": null,
            "set_sensitive": null,
            "set_wo": null,
            "set_wo_revision": null,
            "skip_crds": false,
            "status": "deployed",
            "take_ownership": false,
            "timeout": 1200,
            "timeouts": null,
            "upgrade_install": false,
            "values": null,
            "verify": false,
            "version": "5.9.45",
            "wait": true,
            "wait_for_jobs": false
          },
          "sensitive_attributes": [
            [
              {
                "type": "get_attr",
                "value": "repository_password"
              }
            ],
            [
              {
                "type": "get_attr",
                "value": "set"
              },
              {
                "type": "index",
                "value": {
                  "value": 5,
                  "type": "number"
                }
              },
              {
                "type": "get_attr",
                "value": "value"
              }
            ]
          ],
          "identity_schema_version": 0,
          "identity": {
            "namespace": "jenkins",
            "release_name": "jenkins"
          },
          "dependencies": [
            "data.aws_eks_cluster.this",
            "data.aws_eks_cluster_auth.this",
            "data.terraform_remote_state.infra",
            "module.jenkins.kubernetes_namespace.this"
          ]
        }
      ]
    },
    {
      "module": "module.jenkins",
      "mode": "managed",
      "type": "kubernetes_ingress_v1",
      "name": "this",
      "provider": "provider[\"registry.terraform.io/hashicorp/kubernetes\"]",
      "instances": [
        {
          "schema_version": 0,
          "attributes": {
            "id": "jenkins/jenkins",
            "metadata": [
              {
                "annotations": {
                  "alb.ingress.kubernetes.io/certificate-arn": "arn:aws:acm:ap-south-1:457724887427:certificate/920f6384-f49a-40ae-9b9d-afc2b3b84a64",
                  "alb.ingress.kubernetes.io/listen-ports": "[{\"HTTP\":80},{\"HTTPS\":443}]",
                  "alb.ingress.kubernetes.io/scheme": "internet-facing",
                  "alb.ingress.kubernetes.io/ssl-redirect": "443",
                  "alb.ingress.kubernetes.io/target-type": "ip",
                  "external-dns.alpha.kubernetes.io/hostname": "jenkins.snapcart.dev",
                  "kubernetes.io/ingress.class": "alb"
                },
                "generate_name": "",
                "generation": 1,
                "labels": null,
                "name": "jenkins",
                "namespace": "jenkins",
                "resource_version": "86886",
                "uid": "0c8a3bcb-22a0-413c-9d64-69964b14fd5a"
              }
            ],
            "spec": [
              {
                "default_backend": [],
                "ingress_class_name": "alb",
                "rule": [
                  {
                    "host": "jenkins.snapcart.dev",
                    "http": [
                      {
                        "path": [
                          {
                            "backend": [
                              {
                                "resource": [],
                                "service": [
                                  {
                                    "name": "jenkins",
                                    "port": [
                                      {
                                        "name": "",
                                        "number": 8080
                                      }
                                    ]
                                  }
                                ]
                              }
                            ],
                            "path": "/",
                            "path_type": "Prefix"
                          }
                        ]
                      }
                    ]
                  }
                ],
                "tls": []
              }
            ],
            "status": [
              {
                "load_balancer": [
                  {
                    "ingress": []
                  }
                ]
              }
            ],
            "timeouts": null,
            "wait_for_load_balancer": null
          },
          "sensitive_attributes": [],
          "identity_schema_version": 1,
          "identity": {
            "api_version": "networking.k8s.io/v1",
            "kind": "Ingress",
            "name": "jenkins",
            "namespace": "jenkins"
          },
          "private": "eyJlMmJmYjczMC1lY2FhLTExZTYtOGY4OC0zNDM2M2JjN2M0YzAiOnsiY3JlYXRlIjoxMjAwMDAwMDAwMDAwLCJkZWxldGUiOjEyMDAwMDAwMDAwMDB9fQ==",
          "dependencies": [
            "data.aws_eks_cluster.this",
            "data.aws_eks_cluster_auth.this",
            "data.terraform_remote_state.infra",
            "module.jenkins.helm_release.this",
            "module.jenkins.kubernetes_namespace.this",
            "module.platform_acm.aws_acm_certificate.this"
          ]
        }
      ]
    },
    {
      "module": "module.jenkins",
      "mode": "managed",
      "type": "kubernetes_namespace",
      "name": "this",
      "provider": "provider[\"registry.terraform.io/hashicorp/kubernetes\"]",
      "instances": [
        {
          "schema_version": 0,
          "attributes": {
            "id": "jenkins",
            "metadata": [
              {
                "annotations": {},
                "generate_name": "",
                "generation": 0,
                "labels": {},
                "name": "jenkins",
                "resource_version": "8453",
                "uid": "dfe8178b-48c5-4ed0-851f-68613fa7de2f"
              }
            ],
            "timeouts": null,
            "wait_for_default_service_account": false
          },
          "sensitive_attributes": [],
          "identity_schema_version": 1,
          "identity": {
            "api_version": "v1",
            "kind": "Namespace",
            "name": "jenkins"
          },
          "private": "eyJlMmJmYjczMC1lY2FhLTExZTYtOGY4OC0zNDM2M2JjN2M0YzAiOnsiZGVsZXRlIjozMDAwMDAwMDAwMDB9fQ==",
          "dependencies": [
            "data.aws_eks_cluster.this",
            "data.aws_eks_cluster_auth.this",
            "data.terraform_remote_state.infra"
          ]
        }
      ]
    },
    {
      "module": "module.monitoring",
      "mode": "managed",
      "type": "helm_release",
      "name": "this",
      "provider": "provider[\"registry.terraform.io/hashicorp/helm\"]",
      "instances": [
        {
          "schema_version": 2,
          "attributes": {
            "atomic": false,
            "chart": "kube-prometheus-stack",
            "cleanup_on_fail": false,
            "create_namespace": false,
            "dependency_update": false,
            "description": null,
            "devel": null,
            "disable_crd_hooks": false,
            "disable_openapi_validation": false,
            "disable_webhooks": false,
            "force_update": false,
            "id": "monitoring",
            "keyring": null,
            "lint": false,
            "manifest": null,
            "max_history": 0,
            "metadata": {
              "app_version": "v0.92.1",
              "chart": "kube-prometheus-stack",
              "first_deployed": 1785252727,
              "last_deployed": 1785252727,
              "name": "monitoring",
              "namespace": "monitoring",
              "notes": "kube-state-metrics is a simple service that listens to the Kubernetes API server and generates metrics about the state of the objects.\nThe exposed metrics can be found here:\nhttps://github.com/kubernetes/kube-state-metrics/blob/master/docs/README.md#exposed-metrics\n\nThe metrics are exported on the HTTP endpoint /metrics on the listening port.\nIn your case, monitoring-kube-state-metrics.monitoring.svc.cluster.local:8080/metrics\n\nThey are served either as plaintext or protobuf depending on the Accept header.\nThey are designed to be consumed either by Prometheus itself or by a scraper that is compatible with scraping a Prometheus client endpoint.\n\nkube-prometheus-stack has been installed. Check its status by running:\n  kubectl --namespace monitoring get pods -l \"release=monitoring\"\n\nGet Grafana 'admin' user password by running:\n\n  kubectl --namespace monitoring get secrets monitoring-grafana -o jsonpath=\"{.data.admin-password}\" | base64 -d ; echo\n\nAccess Grafana local instance:\n\n  export POD_NAME=$(kubectl --namespace monitoring get pod -l \"app.kubernetes.io/name=grafana,app.kubernetes.io/instance=monitoring\" -oname)\n  kubectl --namespace monitoring port-forward $POD_NAME 3000\n\nGet your grafana admin user password by running:\n\n  kubectl get secret --namespace monitoring -l app.kubernetes.io/component=admin-secret -o jsonpath=\"{.items[0].data.admin-password}\" | base64 --decode ; echo\n\n\nVisit https://github.com/prometheus-operator/kube-prometheus for instructions on how to create \u0026 configure Alertmanager and Prometheus instances using the Operator.\n\n1. Get the application URL by running these commands:\n  export POD_NAME=$(kubectl get pods --namespace monitoring -l \"app.kubernetes.io/name=prometheus-node-exporter,app.kubernetes.io/instance=monitoring\" -o jsonpath=\"{.items[0].metadata.name}\")\n  echo \"Visit http://127.0.0.1:9100 to use your application\"\n  kubectl port-forward --namespace monitoring $POD_NAME 9100\n1. Get your 'admin' user password by running:\n\n   kubectl get secret --namespace monitoring monitoring-grafana -o jsonpath=\"{.data.admin-password}\" | base64 --decode ; echo\n\n\n2. The Grafana server can be accessed via port 80 on the following DNS name from within your cluster:\n\n   monitoring-grafana.monitoring.svc.cluster.local\n\n   Get the Grafana URL to visit by running these commands in the same shell:\n     export POD_NAME=$(kubectl get pods --namespace monitoring -l \"app.kubernetes.io/name=grafana,app.kubernetes.io/instance=monitoring\" -o jsonpath=\"{.items[0].metadata.name}\")\n     kubectl --namespace monitoring port-forward $POD_NAME 3000\n\n3. Login with the password from step 1 and the username: admin\n#################################################################################\n######   WARNING: Persistence is disabled!!! You will lose your data when   #####\n######            the Grafana pod is terminated.                            #####\n#################################################################################\n",
              "revision": 1,
              "values": "{\"alertmanager\":{\"enabled\":true},\"grafana\":{\"adminPassword\":\"ChangeMe123\",\"enabled\":true},\"prometheus\":{\"enabled\":true},\"prometheusOperator\":{\"enabled\":true}}",
              "version": "87.21.0"
            },
            "name": "monitoring",
            "namespace": "monitoring",
            "pass_credentials": false,
            "postrender": null,
            "recreate_pods": false,
            "render_subchart_notes": true,
            "replace": false,
            "repository": "https://prometheus-community.github.io/helm-charts",
            "repository_ca_file": null,
            "repository_cert_file": null,
            "repository_key_file": null,
            "repository_password": null,
            "repository_username": null,
            "reset_values": false,
            "resources": null,
            "reuse_values": false,
            "set": null,
            "set_list": null,
            "set_sensitive": null,
            "set_wo": null,
            "set_wo_revision": null,
            "skip_crds": false,
            "status": "deployed",
            "take_ownership": false,
            "timeout": 300,
            "timeouts": null,
            "upgrade_install": false,
            "values": [
              "grafana:\r\n\r\n  enabled: true\r\n\r\n  adminPassword: \"ChangeMe123\"\r\n\r\n\r\nprometheus:\r\n\r\n  enabled: true\r\n\r\n\r\nalertmanager:\r\n\r\n  enabled: true\r\n\r\n\r\nprometheusOperator:\r\n\r\n  enabled: true"
            ],
            "verify": false,
            "version": "87.21.0",
            "wait": true,
            "wait_for_jobs": false
          },
          "sensitive_attributes": [
            [
              {
                "type": "get_attr",
                "value": "repository_password"
              }
            ]
          ],
          "identity_schema_version": 0,
          "identity": {
            "namespace": "monitoring",
            "release_name": "monitoring"
          },
          "dependencies": [
            "data.aws_eks_cluster.this",
            "data.aws_eks_cluster_auth.this",
            "data.terraform_remote_state.infra",
            "module.monitoring.kubernetes_namespace.this"
          ]
        }
      ]
    },
    {
      "module": "module.monitoring",
      "mode": "managed",
      "type": "kubernetes_ingress_v1",
      "name": "grafana",
      "provider": "provider[\"registry.terraform.io/hashicorp/kubernetes\"]",
      "instances": [
        {
          "schema_version": 0,
          "attributes": {
            "id": "monitoring/grafana",
            "metadata": [
              {
                "annotations": {
                  "alb.ingress.kubernetes.io/certificate-arn": "arn:aws:acm:ap-south-1:457724887427:certificate/920f6384-f49a-40ae-9b9d-afc2b3b84a64",
                  "alb.ingress.kubernetes.io/listen-ports": "[{\"HTTP\":80},{\"HTTPS\":443}]",
                  "alb.ingress.kubernetes.io/scheme": "internet-facing",
                  "alb.ingress.kubernetes.io/ssl-redirect": "443",
                  "alb.ingress.kubernetes.io/target-type": "ip",
                  "external-dns.alpha.kubernetes.io/hostname": "grafana.snapcart.dev",
                  "kubernetes.io/ingress.class": "alb"
                },
                "generate_name": "",
                "generation": 1,
                "labels": {},
                "name": "grafana",
                "namespace": "monitoring",
                "resource_version": "10698",
                "uid": "ea170774-0a0d-4709-82b3-c7edc8df63ad"
              }
            ],
            "spec": [
              {
                "default_backend": [],
                "ingress_class_name": "alb",
                "rule": [
                  {
                    "host": "grafana.snapcart.dev",
                    "http": [
                      {
                        "path": [
                          {
                            "backend": [
                              {
                                "resource": [],
                                "service": [
                                  {
                                    "name": "monitoring-grafana",
                                    "port": [
                                      {
                                        "name": "",
                                        "number": 80
                                      }
                                    ]
                                  }
                                ]
                              }
                            ],
                            "path": "/",
                            "path_type": "Prefix"
                          }
                        ]
                      }
                    ]
                  }
                ],
                "tls": []
              }
            ],
            "status": [
              {
                "load_balancer": [
                  {
                    "ingress": [
                      {
                        "hostname": "k8s-monitori-grafana-3ef7723885-2040956934.ap-south-1.elb.amazonaws.com",
                        "ip": ""
                      }
                    ]
                  }
                ]
              }
            ],
            "timeouts": null,
            "wait_for_load_balancer": null
          },
          "sensitive_attributes": [],
          "identity_schema_version": 1,
          "identity": {
            "api_version": "networking.k8s.io/v1",
            "kind": "Ingress",
            "name": "grafana",
            "namespace": "monitoring"
          },
          "private": "eyJlMmJmYjczMC1lY2FhLTExZTYtOGY4OC0zNDM2M2JjN2M0YzAiOnsiY3JlYXRlIjoxMjAwMDAwMDAwMDAwLCJkZWxldGUiOjEyMDAwMDAwMDAwMDB9fQ==",
          "dependencies": [
            "data.aws_eks_cluster.this",
            "data.aws_eks_cluster_auth.this",
            "data.terraform_remote_state.infra",
            "module.platform_acm.aws_acm_certificate.this"
          ]
        }
      ]
    },
    {
      "module": "module.monitoring",
      "mode": "managed",
      "type": "kubernetes_namespace",
      "name": "this",
      "provider": "provider[\"registry.terraform.io/hashicorp/kubernetes\"]",
      "instances": [
        {
          "schema_version": 0,
          "attributes": {
            "id": "monitoring",
            "metadata": [
              {
                "annotations": {},
                "generate_name": "",
                "generation": 0,
                "labels": {},
                "name": "monitoring",
                "resource_version": "8452",
                "uid": "4415b34b-d490-45b9-b903-4e919fe614f2"
              }
            ],
            "timeouts": null,
            "wait_for_default_service_account": false
          },
          "sensitive_attributes": [],
          "identity_schema_version": 1,
          "identity": {
            "api_version": "v1",
            "kind": "Namespace",
            "name": "monitoring"
          },
          "private": "eyJlMmJmYjczMC1lY2FhLTExZTYtOGY4OC0zNDM2M2JjN2M0YzAiOnsiZGVsZXRlIjozMDAwMDAwMDAwMDB9fQ==",
          "dependencies": [
            "data.aws_eks_cluster.this",
            "data.aws_eks_cluster_auth.this",
            "data.terraform_remote_state.infra"
          ]
        }
      ]
    },
    {
      "module": "module.platform_acm",
      "mode": "managed",
      "type": "aws_acm_certificate",
      "name": "this",
      "provider": "provider[\"registry.terraform.io/hashicorp/aws\"]",
      "instances": [
        {
          "schema_version": 0,
          "attributes": {
            "arn": "arn:aws:acm:ap-south-1:457724887427:certificate/920f6384-f49a-40ae-9b9d-afc2b3b84a64",
            "certificate_authority_arn": "",
            "certificate_body": null,
            "certificate_chain": null,
            "domain_name": "argocd.snapcart.dev",
            "domain_validation_options": [
              {
                "domain_name": "argocd.snapcart.dev",
                "resource_record_name": "_ae2cbd5687cdb7aba855b79554659275.argocd.snapcart.dev.",
                "resource_record_type": "CNAME",
                "resource_record_value": "_e269b1472e8145032d45219e93af6678.jkddzztszm.acm-validations.aws."
              },
              {
                "domain_name": "grafana.snapcart.dev",
                "resource_record_name": "_b2b1437e11e805bfffcc1cde9e92fd25.grafana.snapcart.dev.",
                "resource_record_type": "CNAME",
                "resource_record_value": "_cced9028138600d649c89e9b625be4b4.jkddzztszm.acm-validations.aws."
              },
              {
                "domain_name": "jenkins.snapcart.dev",
                "resource_record_name": "_f135724cc37dae4aea048c35f4f29792.jenkins.snapcart.dev.",
                "resource_record_type": "CNAME",
                "resource_record_value": "_c2ee32edd8555b4b89eb8bd2842ef370.jkddzztszm.acm-validations.aws."
              },
              {
                "domain_name": "prometheus.snapcart.dev",
                "resource_record_name": "_c2ee293b348a0e316ae03f8ebff1439b.prometheus.snapcart.dev.",
                "resource_record_type": "CNAME",
                "resource_record_value": "_69738e30c95c36fe04e5e09a4e74f0f3.jkddzztszm.acm-validations.aws."
              }
            ],
            "early_renewal_duration": "",
            "id": "arn:aws:acm:ap-south-1:457724887427:certificate/920f6384-f49a-40ae-9b9d-afc2b3b84a64",
            "key_algorithm": "RSA_2048",
            "not_after": "2027-02-10T23:59:59Z",
            "not_before": "2026-07-28T00:00:00Z",
            "options": [
              {
                "certificate_transparency_logging_preference": "ENABLED",
                "export": "DISABLED"
              }
            ],
            "pending_renewal": false,
            "private_key": null,
            "private_key_wo": null,
            "private_key_wo_version": null,
            "region": "ap-south-1",
            "renewal_eligibility": "ELIGIBLE",
            "renewal_summary": [],
            "status": "ISSUED",
            "subject_alternative_names": [
              "argocd.snapcart.dev",
              "grafana.snapcart.dev",
              "jenkins.snapcart.dev",
              "prometheus.snapcart.dev"
            ],
            "tags": {},
            "tags_all": {},
            "type": "AMAZON_ISSUED",
            "validation_emails": [],
            "validation_method": "DNS",
            "validation_option": []
          },
          "sensitive_attributes": [
            [
              {
                "type": "get_attr",
                "value": "private_key"
              }
            ]
          ],
          "identity_schema_version": 0,
          "identity": {
            "arn": "arn:aws:acm:ap-south-1:457724887427:certificate/920f6384-f49a-40ae-9b9d-afc2b3b84a64"
          },
          "private": "bnVsbA==",
          "dependencies": [
            "data.terraform_remote_state.infra"
          ],
          "create_before_destroy": true
        }
      ]
    },
    {
      "module": "module.platform_acm",
      "mode": "managed",
      "type": "aws_acm_certificate_validation",
      "name": "this",
      "provider": "provider[\"registry.terraform.io/hashicorp/aws\"]",
      "instances": [
        {
          "schema_version": 0,
          "attributes": {
            "certificate_arn": "arn:aws:acm:ap-south-1:457724887427:certificate/920f6384-f49a-40ae-9b9d-afc2b3b84a64",
            "id": "2026-07-28 12:41:42.33 +0000 UTC",
            "region": "ap-south-1",
            "timeouts": null,
            "validation_record_fqdns": [
              "_ae2cbd5687cdb7aba855b79554659275.argocd.snapcart.dev",
              "_b2b1437e11e805bfffcc1cde9e92fd25.grafana.snapcart.dev",
              "_c2ee293b348a0e316ae03f8ebff1439b.prometheus.snapcart.dev",
              "_f135724cc37dae4aea048c35f4f29792.jenkins.snapcart.dev"
            ]
          },
          "sensitive_attributes": [],
          "identity_schema_version": 0,
          "identity": {
            "certificate_arn": "arn:aws:acm:ap-south-1:457724887427:certificate/920f6384-f49a-40ae-9b9d-afc2b3b84a64"
          },
          "private": "eyJlMmJmYjczMC1lY2FhLTExZTYtOGY4OC0zNDM2M2JjN2M0YzAiOnsiY3JlYXRlIjo0NTAwMDAwMDAwMDAwfX0=",
          "dependencies": [
            "data.terraform_remote_state.infra",
            "module.platform_acm.aws_acm_certificate.this",
            "module.platform_acm.aws_route53_record.validation"
          ]
        }
      ]
    },
    {
      "module": "module.platform_acm",
      "mode": "managed",
      "type": "aws_route53_record",
      "name": "validation",
      "provider": "provider[\"registry.terraform.io/hashicorp/aws\"]",
      "instances": [
        {
          "index_key": "argocd.snapcart.dev",
          "schema_version": 2,
          "attributes": {
            "alias": [],
            "allow_overwrite": null,
            "cidr_routing_policy": [],
            "failover_routing_policy": [],
            "fqdn": "_ae2cbd5687cdb7aba855b79554659275.argocd.snapcart.dev",
            "geolocation_routing_policy": [],
            "geoproximity_routing_policy": [],
            "health_check_id": "",
            "id": "Z02736043IJ8ZJWEJ091W__ae2cbd5687cdb7aba855b79554659275.argocd.snapcart.dev._CNAME",
            "latency_routing_policy": [],
            "multivalue_answer_routing_policy": false,
            "name": "_ae2cbd5687cdb7aba855b79554659275.argocd.snapcart.dev",
            "records": [
              "_e269b1472e8145032d45219e93af6678.jkddzztszm.acm-validations.aws."
            ],
            "set_identifier": "",
            "timeouts": null,
            "ttl": 60,
            "type": "CNAME",
            "weighted_routing_policy": [],
            "zone_id": "Z02736043IJ8ZJWEJ091W"
          },
          "sensitive_attributes": [],
          "identity_schema_version": 0,
          "identity": {
            "account_id": "457724887427",
            "name": "_ae2cbd5687cdb7aba855b79554659275.argocd.snapcart.dev",
            "set_identifier": null,
            "type": "CNAME",
            "zone_id": "Z02736043IJ8ZJWEJ091W"
          },
          "private": "eyJlMmJmYjczMC1lY2FhLTExZTYtOGY4OC0zNDM2M2JjN2M0YzAiOnsiY3JlYXRlIjoxODAwMDAwMDAwMDAwLCJkZWxldGUiOjE4MDAwMDAwMDAwMDAsInVwZGF0ZSI6MTgwMDAwMDAwMDAwMH0sInNjaGVtYV92ZXJzaW9uIjoiMiJ9",
          "dependencies": [
            "data.terraform_remote_state.infra",
            "module.platform_acm.aws_acm_certificate.this"
          ]
        },
        {
          "index_key": "grafana.snapcart.dev",
          "schema_version": 2,
          "attributes": {
            "alias": [],
            "allow_overwrite": null,
            "cidr_routing_policy": [],
            "failover_routing_policy": [],
            "fqdn": "_b2b1437e11e805bfffcc1cde9e92fd25.grafana.snapcart.dev",
            "geolocation_routing_policy": [],
            "geoproximity_routing_policy": [],
            "health_check_id": "",
            "id": "Z02736043IJ8ZJWEJ091W__b2b1437e11e805bfffcc1cde9e92fd25.grafana.snapcart.dev._CNAME",
            "latency_routing_policy": [],
            "multivalue_answer_routing_policy": false,
            "name": "_b2b1437e11e805bfffcc1cde9e92fd25.grafana.snapcart.dev",
            "records": [
              "_cced9028138600d649c89e9b625be4b4.jkddzztszm.acm-validations.aws."
            ],
            "set_identifier": "",
            "timeouts": null,
            "ttl": 60,
            "type": "CNAME",
            "weighted_routing_policy": [],
            "zone_id": "Z02736043IJ8ZJWEJ091W"
          },
          "sensitive_attributes": [],
          "identity_schema_version": 0,
          "identity": {
            "account_id": "457724887427",
            "name": "_b2b1437e11e805bfffcc1cde9e92fd25.grafana.snapcart.dev",
            "set_identifier": null,
            "type": "CNAME",
            "zone_id": "Z02736043IJ8ZJWEJ091W"
          },
          "private": "eyJlMmJmYjczMC1lY2FhLTExZTYtOGY4OC0zNDM2M2JjN2M0YzAiOnsiY3JlYXRlIjoxODAwMDAwMDAwMDAwLCJkZWxldGUiOjE4MDAwMDAwMDAwMDAsInVwZGF0ZSI6MTgwMDAwMDAwMDAwMH0sInNjaGVtYV92ZXJzaW9uIjoiMiJ9",
          "dependencies": [
            "data.terraform_remote_state.infra",
            "module.platform_acm.aws_acm_certificate.this"
          ]
        },
        {
          "index_key": "jenkins.snapcart.dev",
          "schema_version": 2,
          "attributes": {
            "alias": [],
            "allow_overwrite": null,
            "cidr_routing_policy": [],
            "failover_routing_policy": [],
            "fqdn": "_f135724cc37dae4aea048c35f4f29792.jenkins.snapcart.dev",
            "geolocation_routing_policy": [],
            "geoproximity_routing_policy": [],
            "health_check_id": "",
            "id": "Z02736043IJ8ZJWEJ091W__f135724cc37dae4aea048c35f4f29792.jenkins.snapcart.dev._CNAME",
            "latency_routing_policy": [],
            "multivalue_answer_routing_policy": false,
            "name": "_f135724cc37dae4aea048c35f4f29792.jenkins.snapcart.dev",
            "records": [
              "_c2ee32edd8555b4b89eb8bd2842ef370.jkddzztszm.acm-validations.aws."
            ],
            "set_identifier": "",
            "timeouts": null,
            "ttl": 60,
            "type": "CNAME",
            "weighted_routing_policy": [],
            "zone_id": "Z02736043IJ8ZJWEJ091W"
          },
          "sensitive_attributes": [],
          "identity_schema_version": 0,
          "identity": {
            "account_id": "457724887427",
            "name": "_f135724cc37dae4aea048c35f4f29792.jenkins.snapcart.dev",
            "set_identifier": null,
            "type": "CNAME",
            "zone_id": "Z02736043IJ8ZJWEJ091W"
          },
          "private": "eyJlMmJmYjczMC1lY2FhLTExZTYtOGY4OC0zNDM2M2JjN2M0YzAiOnsiY3JlYXRlIjoxODAwMDAwMDAwMDAwLCJkZWxldGUiOjE4MDAwMDAwMDAwMDAsInVwZGF0ZSI6MTgwMDAwMDAwMDAwMH0sInNjaGVtYV92ZXJzaW9uIjoiMiJ9",
          "dependencies": [
            "data.terraform_remote_state.infra",
            "module.platform_acm.aws_acm_certificate.this"
          ]
        },
        {
          "index_key": "prometheus.snapcart.dev",
          "schema_version": 2,
          "attributes": {
            "alias": [],
            "allow_overwrite": null,
            "cidr_routing_policy": [],
            "failover_routing_policy": [],
            "fqdn": "_c2ee293b348a0e316ae03f8ebff1439b.prometheus.snapcart.dev",
            "geolocation_routing_policy": [],
            "geoproximity_routing_policy": [],
            "health_check_id": "",
            "id": "Z02736043IJ8ZJWEJ091W__c2ee293b348a0e316ae03f8ebff1439b.prometheus.snapcart.dev._CNAME",
            "latency_routing_policy": [],
            "multivalue_answer_routing_policy": false,
            "name": "_c2ee293b348a0e316ae03f8ebff1439b.prometheus.snapcart.dev",
            "records": [
              "_69738e30c95c36fe04e5e09a4e74f0f3.jkddzztszm.acm-validations.aws."
            ],
            "set_identifier": "",
            "timeouts": null,
            "ttl": 60,
            "type": "CNAME",
            "weighted_routing_policy": [],
            "zone_id": "Z02736043IJ8ZJWEJ091W"
          },
          "sensitive_attributes": [],
          "identity_schema_version": 0,
          "identity": {
            "account_id": "457724887427",
            "name": "_c2ee293b348a0e316ae03f8ebff1439b.prometheus.snapcart.dev",
            "set_identifier": null,
            "type": "CNAME",
            "zone_id": "Z02736043IJ8ZJWEJ091W"
          },
          "private": "eyJlMmJmYjczMC1lY2FhLTExZTYtOGY4OC0zNDM2M2JjN2M0YzAiOnsiY3JlYXRlIjoxODAwMDAwMDAwMDAwLCJkZWxldGUiOjE4MDAwMDAwMDAwMDAsInVwZGF0ZSI6MTgwMDAwMDAwMDAwMH0sInNjaGVtYV92ZXJzaW9uIjoiMiJ9",
          "dependencies": [
            "data.terraform_remote_state.infra",
            "module.platform_acm.aws_acm_certificate.this"
          ]
        }
      ]
    }
  ],
  "check_results": null
}
